<?xml version="1.0" encoding="utf-8"?>
<Project ToolsVersion="17.0" xmlns="http://schemas.microsoft.com/developer/msbuild/2003">
  <ItemGroup>
    <ClCompile Include="C:\Users\erlin\repo\Master\KonzepteVonProgrammiersprachen\Versuch1\src\bvh.cpp">
      <Filter>Source Files</Filter>
    </ClCompile>
    <ClCompile Include="C:\Users\erlin\repo\Master\KonzepteVonProgrammiersprachen\Versuch1\src\image.cpp">
      <Filter>Source Files</Filter>
    </ClCompile>
    <ClCompile Include="C:\Users\erlin\repo\Master\KonzepteVonProgrammiersprachen\Versuch1\src\intersector.cpp">
      <Filter>Source Files</Filter>
    </ClCompile>
    <ClCompile Include="C:\Users\erlin\repo\Master\KonzepteVonProgrammiersprachen\Versuch1\src\main.cpp">
      <Filter>Source Files</Filter>
    </ClCompile>
    <ClCompile Include="C:\Users\erlin\repo\Master\KonzepteVonProgrammiersprachen\Versuch1\src\mesh.cpp">
      <Filter>Source Files</Filter>
    </ClCompile>
    <ClCompile Include="C:\Users\erlin\repo\Master\KonzepteVonProgrammiersprachen\Versuch1\src\renderer.cpp">
      <Filter>Source Files</Filter>
    </ClCompile>
  </ItemGroup>
  <ItemGroup>
    <ClInclude Include="C:\Users\erlin\repo\Master\KonzepteVonProgrammiersprachen\Versuch1\include\bvh.h">
      <Filter>Header Files</Filter>
    </ClInclude>
    <ClInclude Include="C:\Users\erlin\repo\Master\KonzepteVonProgrammiersprachen\Versuch1\include\camera.h">
      <Filter>Header Files</Filter>
    </ClInclude>
    <ClInclude Include="C:\Users\erlin\repo\Master\KonzepteVonProgrammiersprachen\Versuch1\include\image.h">
      <Filter>Header Files</Filter>
    </ClInclude>
    <ClInclude Include="C:\Users\erlin\repo\Master\KonzepteVonProgrammiersprachen\Versuch1\include\intersector.h">
      <Filter>Header Files</Filter>
    </ClInclude>
    <ClInclude Include="C:\Users\erlin\repo\Master\KonzepteVonProgrammiersprachen\Versuch1\include\mesh.h">
      <Filter>Header Files</Filter>
    </ClInclude>
    <ClInclude Include="C:\Users\erlin\repo\Master\KonzepteVonProgrammiersprachen\Versuch1\include\ray.h">
      <Filter>Header Files</Filter>
    </ClInclude>
    <ClInclude Include="C:\Users\erlin\repo\Master\KonzepteVonProgrammiersprachen\Versuch1\include\renderer.h">
      <Filter>Header Files</Filter>
    </ClInclude>
  </ItemGroup>
  <ItemGroup>
    <CustomBuild Include="C:\Users\erlin\repo\Master\KonzepteVonProgrammiersprachen\Versuch1\CMakeLists.txt" />
  </ItemGroup>
  <ItemGroup>
    <Filter Include="Header Files">
      <UniqueIdentifier>{F339737A-4065-322A-A6C8-13DE4060D485}</UniqueIdentifier>
    </Filter>
    <Filter Include="Source Files">
      <UniqueIdentifier>{951C8B2D-DC21-3165-A9BE-F38F08C86C24}</UniqueIdentifier>
    </Filter>
  </ItemGroup>
</Project>
