<?xml version="1.0" encoding="utf-8"?>
<Project ToolsVersion="17.0" xmlns="http://schemas.microsoft.com/developer/msbuild/2003">
  <ItemGroup>
    <CustomBuild Include="C:\Users\erlin\repo\Master\KonzepteVonProgrammiersprachen\Versuch1\build_ps\CMakeFiles\b4751a83a45b94fafb0bd517d7cfc765\generate.stamp.rule">
      <Filter>CMake Rules</Filter>
    </CustomBuild>
  </ItemGroup>
  <ItemGroup>
    <Filter Include="CMake Rules">
      <UniqueIdentifier>{DABB6713-821B-3F35-8031-B32A712962D7}</UniqueIdentifier>
    </Filter>
  </ItemGroup>
</Project>
